
Microsoft Visual Studio Solution File, Format Version 12.00
# Visual Studio 15
VisualStudioVersion = 15.0.26730.16
MinimumVisualStudioVersion = 10.0.40219.1
Project("{8BC9CEB8-8B4A-11D0-8D11-00A0C91BC942}") = "Tool", "Tool\Tool.vcxproj", "{0D863D6E-57CF-4B76-8891-72B47FDDE5D3}"
EndProject
Global
	GlobalSection(SolutionConfigurationPlatforms) = preSolution
		Debug|x64 = Debug|x64
		Debug|x86 = Debug|x86
		Release|x64 = Release|x64
		Release|x86 = Release|x86
	EndGlobalSection
	GlobalSection(ProjectConfigurationPlatforms) = postSolution
		{0D863D6E-57CF-4B76-8891-72B47FDDE5D3}.Debug|x64.ActiveCfg = Debug|x64
		{0D863D6E-57CF-4B76-8891-72B47FDDE5D3}.Debug|x64.Build.0 = Debug|x64
		{0D863D6E-57CF-4B76-8891-72B47FDDE5D3}.Debug|x86.ActiveCfg = Debug|Win32
		{0D863D6E-57CF-4B76-8891-72B47FDDE5D3}.Debug|x86.Build.0 = Debug|Win32
		{0D863D6E-57CF-4B76-8891-72B47FDDE5D3}.Release|x64.ActiveCfg = Release|x64
		{0D863D6E-57CF-4B76-8891-72B47FDDE5D3}.Release|x64.Build.0 = Release|x64
		{0D863D6E-57CF-4B76-8891-72B47FDDE5D3}.Release|x86.ActiveCfg = Release|Win32
		{0D863D6E-57CF-4B76-8891-72B47FDDE5D3}.Release|x86.Build.0 = Release|Win32
	EndGlobalSection
	GlobalSection(SolutionProperties) = preSolution
		HideSolutionNode = FALSE
	EndGlobalSection
	GlobalSection(ExtensibilityGlobals) = postSolution
		SolutionGuid = {FA7FE368-665E-4898-A4C4-CB8BFF5B74F7}
	EndGlobalSection
EndGlobal
